// !$*UTF8*$!
{
	archiveVersion = 1;
	classes = {
	};
	objectVersion = 52;
	objects = {

/* Begin PBXBuildFile section */
		5B17DDCD26D8B4D500EBBDD0 /* DetailsViewController.swift in Sources */ = {isa = PBXBuildFile; fileRef = 5B17DDCC26D8B4D500EBBDD0 /* DetailsViewController.swift */; };
		5B2AC04B26D861550002D254 /* ConversationViewController.swift in Sources */ = {isa = PBXBuildFile; fileRef = 5B2AC04A26D861550002D254 /* ConversationViewController.swift */; };
		5B2AC04D26D862320002D254 /* NewConversationViewController.swift in Sources */ = {isa = PBXBuildFile; fileRef = 5B2AC04C26D862320002D254 /* NewConversationViewController.swift */; };
		5B2AC04F26D862520002D254 /* ProfileViewController.swift in Sources */ = {isa = PBXBuildFile; fileRef = 5B2AC04E26D862520002D254 /* ProfileViewController.swift */; };
		5B2AC05126D881E50002D254 /* ChatViewController.swift in Sources */ = {isa = PBXBuildFile; fileRef = 5B2AC05026D881E50002D254 /* ChatViewController.swift */; };
		5B6D44D326CF2FD7004C6D45 /* AppDelegate.swift in Sources */ = {isa = PBXBuildFile; fileRef = 5B6D44D226CF2FD7004C6D45 /* AppDelegate.swift */; };
		5B6D44D526CF2FD7004C6D45 /* SceneDelegate.swift in Sources */ = {isa = PBXBuildFile; fileRef = 5B6D44D426CF2FD7004C6D45 /* SceneDelegate.swift */; };
		5B6D44D726CF2FD7004C6D45 /* ViewController.swift in Sources */ = {isa = PBXBuildFile; fileRef = 5B6D44D626CF2FD7004C6D45 /* ViewController.swift */; };
		5B6D44DA26CF2FD7004C6D45 /* Main.storyboard in Resources */ = {isa = PBXBuildFile; fileRef = 5B6D44D826CF2FD7004C6D45 /* Main.storyboard */; };
		5B6D44DC26CF2FDA004C6D45 /* Assets.xcassets in Resources */ = {isa = PBXBuildFile; fileRef = 5B6D44DB26CF2FDA004C6D45 /* Assets.xcassets */; };
		5B6D44DF26CF2FDA004C6D45 /* LaunchScreen.storyboard in Resources */ = {isa = PBXBuildFile; fileRef = 5B6D44DD26CF2FDA004C6D45 /* LaunchScreen.storyboard */; };
		5B7E442C26CF790900683BA8 /* LoginViewController.swift in Sources */ = {isa = PBXBuildFile; fileRef = 5B7E442B26CF790900683BA8 /* LoginViewController.swift */; };
		5B7E442E26CF791500683BA8 /* RegisterViewController.swift in Sources */ = {isa = PBXBuildFile; fileRef = 5B7E442D26CF791500683BA8 /* RegisterViewController.swift */; };
		5BA0DF9E26D484D000D306CD /* PhotoCollectionViewCell.swift in Sources */ = {isa = PBXBuildFile; fileRef = 5BA0DF9D26D484D000D306CD /* PhotoCollectionViewCell.swift */; };
		5BA0DFA226D4B2E600D306CD /* Meal Model.swift in Sources */ = {isa = PBXBuildFile; fileRef = 5BA0DFA126D4B2E600D306CD /* Meal Model.swift */; };
		5BC02EBA26D5D010004D3DD5 /* Kingfisher in Frameworks */ = {isa = PBXBuildFile; productRef = 5BC02EB926D5D010004D3DD5 /* Kingfisher */; };
		5BC02EBC26D5DEF1004D3DD5 /* CategoryCollectionViewCell.swift in Sources */ = {isa = PBXBuildFile; fileRef = 5BC02EBB26D5DEF1004D3DD5 /* CategoryCollectionViewCell.swift */; };
		5BEA83BD26DDD0F000325E88 /* SeeAllViewController.swift in Sources */ = {isa = PBXBuildFile; fileRef = 5BEA83BC26DDD0F000325E88 /* SeeAllViewController.swift */; };
		5BEA83BF26DDD10800325E88 /* SeeAllCollectionViewCell.swift in Sources */ = {isa = PBXBuildFile; fileRef = 5BEA83BE26DDD10800325E88 /* SeeAllCollectionViewCell.swift */; };
		5BEA83C126DDF37D00325E88 /* TabBarViewController.swift in Sources */ = {isa = PBXBuildFile; fileRef = 5BEA83C026DDF37D00325E88 /* TabBarViewController.swift */; };
		5BF9960226D342CD00D2A131 /* HomeViewController.swift in Sources */ = {isa = PBXBuildFile; fileRef = 5BF9960126D342CD00D2A131 /* HomeViewController.swift */; };
		5BF9960426D3435D00D2A131 /* GoogleService-Info.plist in Resources */ = {isa = PBXBuildFile; fileRef = 5BF9960326D3435D00D2A131 /* GoogleService-Info.plist */; };
		5BF9960626D3663900D2A131 /* LocationViewController.swift in Sources */ = {isa = PBXBuildFile; fileRef = 5BF9960526D3663900D2A131 /* LocationViewController.swift */; };
		6467CD92D1E1CBAD8AFB5BAC /* Pods_ChatApplication.framework in Frameworks */ = {isa = PBXBuildFile; fileRef = CB120BB534BD55E8159A8922 /* Pods_ChatApplication.framework */; };
/* End PBXBuildFile section */

/* Begin PBXFileReference section */
		5633D0F4FA9FA09F8B7E27EF /* Pods-ChatApplication.release.xcconfig */ = {isa = PBXFileReference; includeInIndex = 1; lastKnownFileType = text.xcconfig; name = "Pods-ChatApplication.release.xcconfig"; path = "Target Support Files/Pods-ChatApplication/Pods-ChatApplication.release.xcconfig"; sourceTree = "<group>"; };
		5641643034CEC862CBA3B9B4 /* Pods-ChatApplication.debug.xcconfig */ = {isa = PBXFileReference; includeInIndex = 1; lastKnownFileType = text.xcconfig; name = "Pods-ChatApplication.debug.xcconfig"; path = "Target Support Files/Pods-ChatApplication/Pods-ChatApplication.debug.xcconfig"; sourceTree = "<group>"; };
		5B17DDCC26D8B4D500EBBDD0 /* DetailsViewController.swift */ = {isa = PBXFileReference; lastKnownFileType = sourcecode.swift; path = DetailsViewController.swift; sourceTree = "<group>"; };
		5B2AC04A26D861550002D254 /* ConversationViewController.swift */ = {isa = PBXFileReference; lastKnownFileType = sourcecode.swift; path = ConversationViewController.swift; sourceTree = "<group>"; };
		5B2AC04C26D862320002D254 /* NewConversationViewController.swift */ = {isa = PBXFileReference; lastKnownFileType = sourcecode.swift; path = NewConversationViewController.swift; sourceTree = "<group>"; };
		5B2AC04E26D862520002D254 /* ProfileViewController.swift */ = {isa = PBXFileReference; lastKnownFileType = sourcecode.swift; path = ProfileViewController.swift; sourceTree = "<group>"; };
		5B2AC05026D881E50002D254 /* ChatViewController.swift */ = {isa = PBXFileReference; lastKnownFileType = sourcecode.swift; path = ChatViewController.swift; sourceTree = "<group>"; };
		5B6D44CF26CF2FD7004C6D45 /* ChatApplication.app */ = {isa = PBXFileReference; explicitFileType = wrapper.application; includeInIndex = 0; path = ChatApplication.app; sourceTree = BUILT_PRODUCTS_DIR; };
		5B6D44D226CF2FD7004C6D45 /* AppDelegate.swift */ = {isa = PBXFileReference; lastKnownFileType = sourcecode.swift; path = AppDelegate.swift; sourceTree = "<group>"; };
		5B6D44D426CF2FD7004C6D45 /* SceneDelegate.swift */ = {isa = PBXFileReference; lastKnownFileType = sourcecode.swift; path = SceneDelegate.swift; sourceTree = "<group>"; };
		5B6D44D626CF2FD7004C6D45 /* ViewController.swift */ = {isa = PBXFileReference; lastKnownFileType = sourcecode.swift; path = ViewController.swift; sourceTree = "<group>"; };
		5B6D44D926CF2FD7004C6D45 /* Base */ = {isa = PBXFileReference; lastKnownFileType = file.storyboard; name = Base; path = Base.lproj/Main.storyboard; sourceTree = "<group>"; };
		5B6D44DB26CF2FDA004C6D45 /* Assets.xcassets */ = {isa = PBXFileReference; lastKnownFileType = folder.assetcatalog; path = Assets.xcassets; sourceTree = "<group>"; };
		5B6D44DE26CF2FDA004C6D45 /* Base */ = {isa = PBXFileReference; lastKnownFileType = file.storyboard; name = Base; path = Base.lproj/LaunchScreen.storyboard; sourceTree = "<group>"; };
		5B6D44E026CF2FDA004C6D45 /* Info.plist */ = {isa = PBXFileReference; lastKnownFileType = text.plist.xml; path = Info.plist; sourceTree = "<group>"; };
		5B7E442B26CF790900683BA8 /* LoginViewController.swift */ = {isa = PBXFileReference; lastKnownFileType = sourcecode.swift; path = LoginViewController.swift; sourceTree = "<group>"; };
		5B7E442D26CF791500683BA8 /* RegisterViewController.swift */ = {isa = PBXFileReference; lastKnownFileType = sourcecode.swift; path = RegisterViewController.swift; sourceTree = "<group>"; };
		5BA0DF9D26D484D000D306CD /* PhotoCollectionViewCell.swift */ = {isa = PBXFileReference; lastKnownFileType = sourcecode.swift; path = PhotoCollectionViewCell.swift; sourceTree = "<group>"; };
		5BA0DFA126D4B2E600D306CD /* Meal Model.swift */ = {isa = PBXFileReference; lastKnownFileType = sourcecode.swift; path = "Meal Model.swift"; sourceTree = "<group>"; };
		5BC02EBB26D5DEF1004D3DD5 /* CategoryCollectionViewCell.swift */ = {isa = PBXFileReference; lastKnownFileType = sourcecode.swift; path = CategoryCollectionViewCell.swift; sourceTree = "<group>"; };
		5BEA83BC26DDD0F000325E88 /* SeeAllViewController.swift */ = {isa = PBXFileReference; lastKnownFileType = sourcecode.swift; path = SeeAllViewController.swift; sourceTree = "<group>"; };
		5BEA83BE26DDD10800325E88 /* SeeAllCollectionViewCell.swift */ = {isa = PBXFileReference; lastKnownFileType = sourcecode.swift; path = SeeAllCollectionViewCell.swift; sourceTree = "<group>"; };
		5BEA83C026DDF37D00325E88 /* TabBarViewController.swift */ = {isa = PBXFileReference; lastKnownFileType = sourcecode.swift; path = TabBarViewController.swift; sourceTree = "<group>"; };
		5BF9960126D342CD00D2A131 /* HomeViewController.swift */ = {isa = PBXFileReference; lastKnownFileType = sourcecode.swift; path = HomeViewController.swift; sourceTree = "<group>"; };
		5BF9960326D3435D00D2A131 /* GoogleService-Info.plist */ = {isa = PBXFileReference; fileEncoding = 4; lastKnownFileType = text.plist.xml; path = "GoogleService-Info.plist"; sourceTree = "<group>"; };
		5BF9960526D3663900D2A131 /* LocationViewController.swift */ = {isa = PBXFileReference; lastKnownFileType = sourcecode.swift; path = LocationViewController.swift; sourceTree = "<group>"; };
		CB120BB534BD55E8159A8922 /* Pods_ChatApplication.framework */ = {isa = PBXFileReference; explicitFileType = wrapper.framework; includeInIndex = 0; path = Pods_ChatApplication.framework; sourceTree = BUILT_PRODUCTS_DIR; };
/* End PBXFileReference section */

/* Begin PBXFrameworksBuildPhase section */
		5B6D44CC26CF2FD7004C6D45 /* Frameworks */ = {
			isa = PBXFrameworksBuildPhase;
			buildActionMask = 2147483647;
			files = (
				5BC02EBA26D5D010004D3DD5 /* Kingfisher in Frameworks */,
				6467CD92D1E1CBAD8AFB5BAC /* Pods_ChatApplication.framework in Frameworks */,
			);
			runOnlyForDeploymentPostprocessing = 0;
		};
/* End PBXFrameworksBuildPhase section */

/* Begin PBXGroup section */
		2358589D9C6BB3B6210FBE41 /* Pods */ = {
			isa = PBXGroup;
			children = (
				5641643034CEC862CBA3B9B4 /* Pods-ChatApplication.debug.xcconfig */,
				5633D0F4FA9FA09F8B7E27EF /* Pods-ChatApplication.release.xcconfig */,
			);
			path = Pods;
			sourceTree = "<group>";
		};
		5B2AC04826D85F510002D254 /* Views */ = {
			isa = PBXGroup;
			children = (
				5B6D44D826CF2FD7004C6D45 /* Main.storyboard */,
				5B6D44DB26CF2FDA004C6D45 /* Assets.xcassets */,
				5B6D44DD26CF2FDA004C6D45 /* LaunchScreen.storyboard */,
			);
			path = Views;
			sourceTree = "<group>";
		};
		5B6D44C626CF2FD7004C6D45 = {
			isa = PBXGroup;
			children = (
				5B6D44D126CF2FD7004C6D45 /* ChatApplication */,
				5B6D44D026CF2FD7004C6D45 /* Products */,
				2358589D9C6BB3B6210FBE41 /* Pods */,
				98D60A19A19035CEE084A5B3 /* Frameworks */,
			);
			sourceTree = "<group>";
		};
		5B6D44D026CF2FD7004C6D45 /* Products */ = {
			isa = PBXGroup;
			children = (
				5B6D44CF26CF2FD7004C6D45 /* ChatApplication.app */,
			);
			name = Products;
			sourceTree = "<group>";
		};
		5B6D44D126CF2FD7004C6D45 /* ChatApplication */ = {
			isa = PBXGroup;
			children = (
				5B6D44E026CF2FDA004C6D45 /* Info.plist */,
				5BF9960326D3435D00D2A131 /* GoogleService-Info.plist */,
				5B2AC04826D85F510002D254 /* Views */,
				5BA0DFA026D4B2D100D306CD /* API Model */,
				5BA0DF9F26D49B9900D306CD /* Networking */,
				5B6D44E726CF3004004C6D45 /* Resources */,
				5B6D44E626CF2FF9004C6D45 /* View Controller */,
			);
			path = ChatApplication;
			sourceTree = "<group>";
		};
		5B6D44E626CF2FF9004C6D45 /* View Controller */ = {
			isa = PBXGroup;
			children = (
				5B6D44D626CF2FD7004C6D45 /* ViewController.swift */,
				5B7E442B26CF790900683BA8 /* LoginViewController.swift */,
				5B7E442D26CF791500683BA8 /* RegisterViewController.swift */,
				5BF9960126D342CD00D2A131 /* HomeViewController.swift */,
				5BF9960526D3663900D2A131 /* LocationViewController.swift */,
				5BA0DF9D26D484D000D306CD /* PhotoCollectionViewCell.swift */,
				5BC02EBB26D5DEF1004D3DD5 /* CategoryCollectionViewCell.swift */,
				5B2AC04A26D861550002D254 /* ConversationViewController.swift */,
				5B2AC04C26D862320002D254 /* NewConversationViewController.swift */,
				5B2AC04E26D862520002D254 /* ProfileViewController.swift */,
				5B2AC05026D881E50002D254 /* ChatViewController.swift */,
				5B17DDCC26D8B4D500EBBDD0 /* DetailsViewController.swift */,
				5BEA83BC26DDD0F000325E88 /* SeeAllViewController.swift */,
				5BEA83BE26DDD10800325E88 /* SeeAllCollectionViewCell.swift */,
				5BEA83C026DDF37D00325E88 /* TabBarViewController.swift */,
			);
			path = "View Controller";
			sourceTree = "<group>";
		};
		5B6D44E726CF3004004C6D45 /* Resources */ = {
			isa = PBXGroup;
			children = (
				5B6D44D226CF2FD7004C6D45 /* AppDelegate.swift */,
				5B6D44D426CF2FD7004C6D45 /* SceneDelegate.swift */,
			);
			path = Resources;
			sourceTree = "<group>";
		};
		5BA0DF9F26D49B9900D306CD /* Networking */ = {
			isa = PBXGroup;
			children = (
			);
			path = Networking;
			sourceTree = "<group>";
		};
		5BA0DFA026D4B2D100D306CD /* API Model */ = {
			isa = PBXGroup;
			children = (
				5BA0DFA126D4B2E600D306CD /* Meal Model.swift */,
			);
			path = "API Model";
			sourceTree = "<group>";
		};
		98D60A19A19035CEE084A5B3 /* Frameworks */ = {
			isa = PBXGroup;
			children = (
				CB120BB534BD55E8159A8922 /* Pods_ChatApplication.framework */,
			);
			name = Frameworks;
			sourceTree = "<group>";
		};
/* End PBXGroup section */

/* Begin PBXNativeTarget section */
		5B6D44CE26CF2FD7004C6D45 /* ChatApplication */ = {
			isa = PBXNativeTarget;
			buildConfigurationList = 5B6D44E326CF2FDA004C6D45 /* Build configuration list for PBXNativeTarget "ChatApplication" */;
			buildPhases = (
				F04FC995A2344620EA5A68F0 /* [CP] Check Pods Manifest.lock */,
				5B6D44CB26CF2FD7004C6D45 /* Sources */,
				5B6D44CC26CF2FD7004C6D45 /* Frameworks */,
				5B6D44CD26CF2FD7004C6D45 /* Resources */,
				E59D6BA2043A43BEEC2A0E79 /* [CP] Embed Pods Frameworks */,
				5E7433A6DC535B3A5E166AC5 /* [CP] Copy Pods Resources */,
			);
			buildRules = (
			);
			dependencies = (
			);
			name = ChatApplication;
			packageProductDependencies = (
				5BC02EB926D5D010004D3DD5 /* Kingfisher */,
			);
			productName = ChatApplication;
			productReference = 5B6D44CF26CF2FD7004C6D45 /* ChatApplication.app */;
			productType = "com.apple.product-type.application";
		};
/* End PBXNativeTarget section */

/* Begin PBXProject section */
		5B6D44C726CF2FD7004C6D45 /* Project object */ = {
			isa = PBXProject;
			attributes = {
				LastSwiftUpdateCheck = 1250;
				LastUpgradeCheck = 1250;
				TargetAttributes = {
					5B6D44CE26CF2FD7004C6D45 = {
						CreatedOnToolsVersion = 12.5.1;
					};
				};
			};
			buildConfigurationList = 5B6D44CA26CF2FD7004C6D45 /* Build configuration list for PBXProject "ChatApplication" */;
			compatibilityVersion = "Xcode 9.3";
			developmentRegion = en;
			hasScannedForEncodings = 0;
			knownRegions = (
				en,
				Base,
			);
			mainGroup = 5B6D44C626CF2FD7004C6D45;
			packageReferences = (
				5BC02EB826D5D010004D3DD5 /* XCRemoteSwiftPackageReference "Kingfisher" */,
			);
			productRefGroup = 5B6D44D026CF2FD7004C6D45 /* Products */;
			projectDirPath = "";
			projectRoot = "";
			targets = (
				5B6D44CE26CF2FD7004C6D45 /* ChatApplication */,
			);
		};
/* End PBXProject section */

/* Begin PBXResourcesBuildPhase section */
		5B6D44CD26CF2FD7004C6D45 /* Resources */ = {
			isa = PBXResourcesBuildPhase;
			buildActionMask = 2147483647;
			files = (
				5B6D44DF26CF2FDA004C6D45 /* LaunchScreen.storyboard in Resources */,
				5BF9960426D3435D00D2A131 /* GoogleService-Info.plist in Resources */,
				5B6D44DC26CF2FDA004C6D45 /* Assets.xcassets in Resources */,
				5B6D44DA26CF2FD7004C6D45 /* Main.storyboard in Resources */,
			);
			runOnlyForDeploymentPostprocessing = 0;
		};
/* End PBXResourcesBuildPhase section */

/* Begin PBXShellScriptBuildPhase section */
		5E7433A6DC535B3A5E166AC5 /* [CP] Copy Pods Resources */ = {
			isa = PBXShellScriptBuildPhase;
			buildActionMask = 2147483647;
			files = (
			);
			inputFileListPaths = (
				"${PODS_ROOT}/Target Support Files/Pods-ChatApplication/Pods-ChatApplication-resources-${CONFIGURATION}-input-files.xcfilelist",
			);
			name = "[CP] Copy Pods Resources";
			outputFileListPaths = (
				"${PODS_ROOT}/Target Support Files/Pods-ChatApplication/Pods-ChatApplication-resources-${CONFIGURATION}-output-files.xcfilelist",
			);
			runOnlyForDeploymentPostprocessing = 0;
			shellPath = /bin/sh;
			shellScript = "\"${PODS_ROOT}/Target Support Files/Pods-ChatApplication/Pods-ChatApplication-resources.sh\"\n";
			showEnvVarsInLog = 0;
		};
		E59D6BA2043A43BEEC2A0E79 /* [CP] Embed Pods Frameworks */ = {
			isa = PBXShellScriptBuildPhase;
			buildActionMask = 2147483647;
			files = (
			);
			inputFileListPaths = (
				"${PODS_ROOT}/Target Support Files/Pods-ChatApplication/Pods-ChatApplication-frameworks-${CONFIGURATION}-input-files.xcfilelist",
			);
			name = "[CP] Embed Pods Frameworks";
			outputFileListPaths = (
				"${PODS_ROOT}/Target Support Files/Pods-ChatApplication/Pods-ChatApplication-frameworks-${CONFIGURATION}-output-files.xcfilelist",
			);
			runOnlyForDeploymentPostprocessing = 0;
			shellPath = /bin/sh;
			shellScript = "\"${PODS_ROOT}/Target Support Files/Pods-ChatApplication/Pods-ChatApplication-frameworks.sh\"\n";
			showEnvVarsInLog = 0;
		};
		F04FC995A2344620EA5A68F0 /* [CP] Check Pods Manifest.lock */ = {
			isa = PBXShellScriptBuildPhase;
			buildActionMask = 2147483647;
			files = (
			);
			inputFileListPaths = (
			);
			inputPaths = (
				"${PODS_PODFILE_DIR_PATH}/Podfile.lock",
				"${PODS_ROOT}/Manifest.lock",
			);
			name = "[CP] Check Pods Manifest.lock";
			outputFileListPaths = (
			);
			outputPaths = (
				"$(DERIVED_FILE_DIR)/Pods-ChatApplication-checkManifestLockResult.txt",
			);
			runOnlyForDeploymentPostprocessing = 0;
			shellPath = /bin/sh;
			shellScript = "diff \"${PODS_PODFILE_DIR_PATH}/Podfile.lock\" \"${PODS_ROOT}/Manifest.lock\" > /dev/null\nif [ $? != 0 ] ; then\n    # print error to STDERR\n    echo \"error: The sandbox is not in sync with the Podfile.lock. Run 'pod install' or update your CocoaPods installation.\" >&2\n    exit 1\nfi\n# This output is used by Xcode 'outputs' to avoid re-running this script phase.\necho \"SUCCESS\" > \"${SCRIPT_OUTPUT_FILE_0}\"\n";
			showEnvVarsInLog = 0;
		};
/* End PBXShellScriptBuildPhase section */

/* Begin PBXSourcesBuildPhase section */
		5B6D44CB26CF2FD7004C6D45 /* Sources */ = {
			isa = PBXSourcesBuildPhase;
			buildActionMask = 2147483647;
			files = (
				5BF9960626D3663900D2A131 /* LocationViewController.swift in Sources */,
				5BA0DF9E26D484D000D306CD /* PhotoCollectionViewCell.swift in Sources */,
				5B7E442C26CF790900683BA8 /* LoginViewController.swift in Sources */,
				5B7E442E26CF791500683BA8 /* RegisterViewController.swift in Sources */,
				5BEA83C126DDF37D00325E88 /* TabBarViewController.swift in Sources */,
				5B6D44D726CF2FD7004C6D45 /* ViewController.swift in Sources */,
				5BEA83BF26DDD10800325E88 /* SeeAllCollectionViewCell.swift in Sources */,
				5BA0DFA226D4B2E600D306CD /* Meal Model.swift in Sources */,
				5B2AC04D26D862320002D254 /* NewConversationViewController.swift in Sources */,
				5BC02EBC26D5DEF1004D3DD5 /* CategoryCollectionViewCell.swift in Sources */,
				5B6D44D326CF2FD7004C6D45 /* AppDelegate.swift in Sources */,
				5B6D44D526CF2FD7004C6D45 /* SceneDelegate.swift in Sources */,
				5BEA83BD26DDD0F000325E88 /* SeeAllViewController.swift in Sources */,
				5B2AC05126D881E50002D254 /* ChatViewController.swift in Sources */,
				5B2AC04F26D862520002D254 /* ProfileViewController.swift in Sources */,
				5B2AC04B26D861550002D254 /* ConversationViewController.swift in Sources */,
				5BF9960226D342CD00D2A131 /* HomeViewController.swift in Sources */,
				5B17DDCD26D8B4D500EBBDD0 /* DetailsViewController.swift in Sources */,
			);
			runOnlyForDeploymentPostprocessing = 0;
		};
/* End PBXSourcesBuildPhase section */

/* Begin PBXVariantGroup section */
		5B6D44D826CF2FD7004C6D45 /* Main.storyboard */ = {
			isa = PBXVariantGroup;
			children = (
				5B6D44D926CF2FD7004C6D45 /* Base */,
			);
			name = Main.storyboard;
			sourceTree = "<group>";
		};
		5B6D44DD26CF2FDA004C6D45 /* LaunchScreen.storyboard */ = {
			isa = PBXVariantGroup;
			children = (
				5B6D44DE26CF2FDA004C6D45 /* Base */,
			);
			name = LaunchScreen.storyboard;
			sourceTree = "<group>";
		};
/* End PBXVariantGroup section */

/* Begin XCBuildConfiguration section */
		5B6D44E126CF2FDA004C6D45 /* Debug */ = {
			isa = XCBuildConfiguration;
			buildSettings = {
				ALWAYS_SEARCH_USER_PATHS = NO;
				CLANG_ANALYZER_NONNULL = YES;
				CLANG_ANALYZER_NUMBER_OBJECT_CONVERSION = YES_AGGRESSIVE;
				CLANG_CXX_LANGUAGE_STANDARD = "gnu++14";
				CLANG_CXX_LIBRARY = "libc++";
				CLANG_ENABLE_MODULES = YES;
				CLANG_ENABLE_OBJC_ARC = YES;
				CLANG_ENABLE_OBJC_WEAK = YES;
				CLANG_WARN_BLOCK_CAPTURE_AUTORELEASING = YES;
				CLANG_WARN_BOOL_CONVERSION = YES;
				CLANG_WARN_COMMA = YES;
				CLANG_WARN_CONSTANT_CONVERSION = YES;
				CLANG_WARN_DEPRECATED_OBJC_IMPLEMENTATIONS = YES;
				CLANG_WARN_DIRECT_OBJC_ISA_USAGE = YES_ERROR;
				CLANG_WARN_DOCUMENTATION_COMMENTS = YES;
				CLANG_WARN_EMPTY_BODY = YES;
				CLANG_WARN_ENUM_CONVERSION = YES;
				CLANG_WARN_INFINITE_RECURSION = YES;
				CLANG_WARN_INT_CONVERSION = YES;
				CLANG_WARN_NON_LITERAL_NULL_CONVERSION = YES;
				CLANG_WARN_OBJC_IMPLICIT_RETAIN_SELF = YES;
				CLANG_WARN_OBJC_LITERAL_CONVERSION = YES;
				CLANG_WARN_OBJC_ROOT_CLASS = YES_ERROR;
				CLANG_WARN_QUOTED_INCLUDE_IN_FRAMEWORK_HEADER = YES;
				CLANG_WARN_RANGE_LOOP_ANALYSIS = YES;
				CLANG_WARN_STRICT_PROTOTYPES = YES;
				CLANG_WARN_SUSPICIOUS_MOVE = YES;
				CLANG_WARN_UNGUARDED_AVAILABILITY = YES_AGGRESSIVE;
				CLANG_WARN_UNREACHABLE_CODE = YES;
				CLANG_WARN__DUPLICATE_METHOD_MATCH = YES;
				COPY_PHASE_STRIP = NO;
				DEBUG_INFORMATION_FORMAT = dwarf;
				ENABLE_STRICT_OBJC_MSGSEND = YES;
				ENABLE_TESTABILITY = YES;
				GCC_C_LANGUAGE_STANDARD = gnu11;
				GCC_DYNAMIC_NO_PIC = NO;
				GCC_NO_COMMON_BLOCKS = YES;
				GCC_OPTIMIZATION_LEVEL = 0;
				GCC_PREPROCESSOR_DEFINITIONS = (
					"DEBUG=1",
					"$(inherited)",
				);
				GCC_WARN_64_TO_32_BIT_CONVERSION = YES;
				GCC_WARN_ABOUT_RETURN_TYPE = YES_ERROR;
				GCC_WARN_UNDECLARED_SELECTOR = YES;
				GCC_WARN_UNINITIALIZED_AUTOS = YES_AGGRESSIVE;
				GCC_WARN_UNUSED_FUNCTION = YES;
				GCC_WARN_UNUSED_VARIABLE = YES;
				IPHONEOS_DEPLOYMENT_TARGET = 14.5;
				MTL_ENABLE_DEBUG_INFO = INCLUDE_SOURCE;
				MTL_FAST_MATH = YES;
				ONLY_ACTIVE_ARCH = YES;
				SDKROOT = iphoneos;
				SWIFT_ACTIVE_COMPILATION_CONDITIONS = DEBUG;
				SWIFT_OPTIMIZATION_LEVEL = "-Onone";
			};
			name = Debug;
		};
		5B6D44E226CF2FDA004C6D45 /* Release */ = {
			isa = XCBuildConfiguration;
			buildSettings = {
				ALWAYS_SEARCH_USER_PATHS = NO;
				CLANG_ANALYZER_NONNULL = YES;
				CLANG_ANALYZER_NUMBER_OBJECT_CONVERSION = YES_AGGRESSIVE;
				CLANG_CXX_LANGUAGE_STANDARD = "gnu++14";
				CLANG_CXX_LIBRARY = "libc++";
				CLANG_ENABLE_MODULES = YES;
				CLANG_ENABLE_OBJC_ARC = YES;
				CLANG_ENABLE_OBJC_WEAK = YES;
				CLANG_WARN_BLOCK_CAPTURE_AUTORELEASING = YES;
				CLANG_WARN_BOOL_CONVERSION = YES;
				CLANG_WARN_COMMA = YES;
				CLANG_WARN_CONSTANT_CONVERSION = YES;
				CLANG_WARN_DEPRECATED_OBJC_IMPLEMENTATIONS = YES;
				CLANG_WARN_DIRECT_OBJC_ISA_USAGE = YES_ERROR;
				CLANG_WARN_DOCUMENTATION_COMMENTS = YES;
				CLANG_WARN_EMPTY_BODY = YES;
				CLANG_WARN_ENUM_CONVERSION = YES;
				CLANG_WARN_INFINITE_RECURSION = YES;
				CLANG_WARN_INT_CONVERSION = YES;
				CLANG_WARN_NON_LITERAL_NULL_CONVERSION = YES;
				CLANG_WARN_OBJC_IMPLICIT_RETAIN_SELF = YES;
				CLANG_WARN_OBJC_LITERAL_CONVERSION = YES;
				CLANG_WARN_OBJC_ROOT_CLASS = YES_ERROR;
				CLANG_WARN_QUOTED_INCLUDE_IN_FRAMEWORK_HEADER = YES;
				CLANG_WARN_RANGE_LOOP_ANALYSIS = YES;
				CLANG_WARN_STRICT_PROTOTYPES = YES;
				CLANG_WARN_SUSPICIOUS_MOVE = YES;
				CLANG_WARN_UNGUARDED_AVAILABILITY = YES_AGGRESSIVE;
				CLANG_WARN_UNREACHABLE_CODE = YES;
				CLANG_WARN__DUPLICATE_METHOD_MATCH = YES;
				COPY_PHASE_STRIP = NO;
				DEBUG_INFORMATION_FORMAT = "dwarf-with-dsym";
				ENABLE_NS_ASSERTIONS = NO;
				ENABLE_STRICT_OBJC_MSGSEND = YES;
				GCC_C_LANGUAGE_STANDARD = gnu11;
				GCC_NO_COMMON_BLOCKS = YES;
				GCC_WARN_64_TO_32_BIT_CONVERSION = YES;
				GCC_WARN_ABOUT_RETURN_TYPE = YES_ERROR;
				GCC_WARN_UNDECLARED_SELECTOR = YES;
				GCC_WARN_UNINITIALIZED_AUTOS = YES_AGGRESSIVE;
				GCC_WARN_UNUSED_FUNCTION = YES;
				GCC_WARN_UNUSED_VARIABLE = YES;
				IPHONEOS_DEPLOYMENT_TARGET = 14.5;
				MTL_ENABLE_DEBUG_INFO = NO;
				MTL_FAST_MATH = YES;
				SDKROOT = iphoneos;
				SWIFT_COMPILATION_MODE = wholemodule;
				SWIFT_OPTIMIZATION_LEVEL = "-O";
				VALIDATE_PRODUCT = YES;
			};
			name = Release;
		};
		5B6D44E426CF2FDA004C6D45 /* Debug */ = {
			isa = XCBuildConfiguration;
			baseConfigurationReference = 5641643034CEC862CBA3B9B4 /* Pods-ChatApplication.debug.xcconfig */;
			buildSettings = {
				ASSETCATALOG_COMPILER_APPICON_NAME = AppIcon;
				ASSETCATALOG_COMPILER_GLOBAL_ACCENT_COLOR_NAME = AccentColor;
				CODE_SIGN_STYLE = Automatic;
				DEVELOPMENT_TEAM = 9S866U8W9Y;
				INFOPLIST_FILE = ChatApplication/Info.plist;
				LD_RUNPATH_SEARCH_PATHS = (
					"$(inherited)",
					"@executable_path/Frameworks",
				);
				PRODUCT_BUNDLE_IDENTIFIER = com.iosTeam2021.ChatAppExercise;
				PRODUCT_NAME = "$(TARGET_NAME)";
				SWIFT_VERSION = 5.0;
				TARGETED_DEVICE_FAMILY = "1,2";
			};
			name = Debug;
		};
		5B6D44E526CF2FDA004C6D45 /* Release */ = {
			isa = XCBuildConfiguration;
			baseConfigurationReference = 5633D0F4FA9FA09F8B7E27EF /* Pods-ChatApplication.release.xcconfig */;
			buildSettings = {
				ASSETCATALOG_COMPILER_APPICON_NAME = AppIcon;
				ASSETCATALOG_COMPILER_GLOBAL_ACCENT_COLOR_NAME = AccentColor;
				CODE_SIGN_STYLE = Automatic;
				DEVELOPMENT_TEAM = 9S866U8W9Y;
				INFOPLIST_FILE = ChatApplication/Info.plist;
				LD_RUNPATH_SEARCH_PATHS = (
					"$(inherited)",
					"@executable_path/Frameworks",
				);
				PRODUCT_BUNDLE_IDENTIFIER = com.iosTeam2021.ChatAppExercise;
				PRODUCT_NAME = "$(TARGET_NAME)";
				SWIFT_VERSION = 5.0;
				TARGETED_DEVICE_FAMILY = "1,2";
			};
			name = Release;
		};
/* End XCBuildConfiguration section */

/* Begin XCConfigurationList section */
		5B6D44CA26CF2FD7004C6D45 /* Build configuration list for PBXProject "ChatApplication" */ = {
			isa = XCConfigurationList;
			buildConfigurations = (
				5B6D44E126CF2FDA004C6D45 /* Debug */,
				5B6D44E226CF2FDA004C6D45 /* Release */,
			);
			defaultConfigurationIsVisible = 0;
			defaultConfigurationName = Release;
		};
		5B6D44E326CF2FDA004C6D45 /* Build configuration list for PBXNativeTarget "ChatApplication" */ = {
			isa = XCConfigurationList;
			buildConfigurations = (
				5B6D44E426CF2FDA004C6D45 /* Debug */,
				5B6D44E526CF2FDA004C6D45 /* Release */,
			);
			defaultConfigurationIsVisible = 0;
			defaultConfigurationName = Release;
		};
/* End XCConfigurationList section */

/* Begin XCRemoteSwiftPackageReference section */
		5BC02EB826D5D010004D3DD5 /* XCRemoteSwiftPackageReference "Kingfisher" */ = {
			isa = XCRemoteSwiftPackageReference;
			repositoryURL = "https://github.com/onevcat/Kingfisher.git";
			requirement = {
				kind = upToNextMajorVersion;
				minimumVersion = 6.3.1;
			};
		};
/* End XCRemoteSwiftPackageReference section */

/* Begin XCSwiftPackageProductDependency section */
		5BC02EB926D5D010004D3DD5 /* Kingfisher */ = {
			isa = XCSwiftPackageProductDependency;
			package = 5BC02EB826D5D010004D3DD5 /* XCRemoteSwiftPackageReference "Kingfisher" */;
			productName = Kingfisher;
		};
/* End XCSwiftPackageProductDependency section */
	};
	rootObject = 5B6D44C726CF2FD7004C6D45 /* Project object */;
}
